// !$*UTF8*$!
{
	archiveVersion = 1;
	classes = {
	};
	objectVersion = 50;
	objects = {

/* Begin PBXBuildFile section */
		19EBBD73FCE2ECE947FEF48B /* Pods_GCDDemoUITests.framework in Frameworks */ = {isa = PBXBuildFile; fileRef = 2684E82B7607733D4C1CE8BF /* Pods_GCDDemoUITests.framework */; };
		2CDC1F342251EA640043D7C8 /* AppDelegate.swift in Sources */ = {isa = PBXBuildFile; fileRef = 2CDC1F332251EA640043D7C8 /* AppDelegate.swift */; };
		2CDC1F362251EA640043D7C8 /* ViewController.swift in Sources */ = {isa = PBXBuildFile; fileRef = 2CDC1F352251EA640043D7C8 /* ViewController.swift */; };
		2CDC1F392251EA640043D7C8 /* Main.storyboard in Resources */ = {isa = PBXBuildFile; fileRef = 2CDC1F372251EA640043D7C8 /* Main.storyboard */; };
		2CDC1F3C2251EA640043D7C8 /* GCDDemo.xcdatamodeld in Sources */ = {isa = PBXBuildFile; fileRef = 2CDC1F3A2251EA640043D7C8 /* GCDDemo.xcdatamodeld */; };
		2CDC1F3E2251EA670043D7C8 /* Assets.xcassets in Resources */ = {isa = PBXBuildFile; fileRef = 2CDC1F3D2251EA670043D7C8 /* Assets.xcassets */; };
		2CDC1F412251EA670043D7C8 /* LaunchScreen.storyboard in Resources */ = {isa = PBXBuildFile; fileRef = 2CDC1F3F2251EA670043D7C8 /* LaunchScreen.storyboard */; };
		2CDC1F4C2251EA670043D7C8 /* GCDDemoTests.swift in Sources */ = {isa = PBXBuildFile; fileRef = 2CDC1F4B2251EA670043D7C8 /* GCDDemoTests.swift */; };
		2CDC1F572251EA670043D7C8 /* GCDDemoUITests.swift in Sources */ = {isa = PBXBuildFile; fileRef = 2CDC1F562251EA670043D7C8 /* GCDDemoUITests.swift */; };
		2CDC1F652252FF7F0043D7C8 /* DownloadManager.swift in Sources */ = {isa = PBXBuildFile; fileRef = 2CDC1F642252FF7F0043D7C8 /* DownloadManager.swift */; };
		2CDC1F67225346910043D7C8 /* TableViewCell.swift in Sources */ = {isa = PBXBuildFile; fileRef = 2CDC1F66225346910043D7C8 /* TableViewCell.swift */; };
		48DA03F958785AD8DA4CE682 /* Pods_GCDDemoTests.framework in Frameworks */ = {isa = PBXBuildFile; fileRef = 5923DDA636DB81EB49103C0E /* Pods_GCDDemoTests.framework */; };
		4B3020F4FB823CEA7D72D9E8 /* Pods_GCDDemo.framework in Frameworks */ = {isa = PBXBuildFile; fileRef = 24D2906709302D19337C4558 /* Pods_GCDDemo.framework */; };
/* End PBXBuildFile section */

/* Begin PBXContainerItemProxy section */
		2CDC1F482251EA670043D7C8 /* PBXContainerItemProxy */ = {
			isa = PBXContainerItemProxy;
			containerPortal = 2CDC1F282251EA640043D7C8 /* Project object */;
			proxyType = 1;
			remoteGlobalIDString = 2CDC1F2F2251EA640043D7C8;
			remoteInfo = GCDDemo;
		};
		2CDC1F532251EA670043D7C8 /* PBXContainerItemProxy */ = {
			isa = PBXContainerItemProxy;
			containerPortal = 2CDC1F282251EA640043D7C8 /* Project object */;
			proxyType = 1;
			remoteGlobalIDString = 2CDC1F2F2251EA640043D7C8;
			remoteInfo = GCDDemo;
		};
/* End PBXContainerItemProxy section */

/* Begin PBXFileReference section */
		09744E75E1B11379520747DD /* Pods-GCDDemoUITests.debug.xcconfig */ = {isa = PBXFileReference; includeInIndex = 1; lastKnownFileType = text.xcconfig; name = "Pods-GCDDemoUITests.debug.xcconfig"; path = "Pods/Target Support Files/Pods-GCDDemoUITests/Pods-GCDDemoUITests.debug.xcconfig"; sourceTree = "<group>"; };
		24D2906709302D19337C4558 /* Pods_GCDDemo.framework */ = {isa = PBXFileReference; explicitFileType = wrapper.framework; includeInIndex = 0; path = Pods_GCDDemo.framework; sourceTree = BUILT_PRODUCTS_DIR; };
		2684E82B7607733D4C1CE8BF /* Pods_GCDDemoUITests.framework */ = {isa = PBXFileReference; explicitFileType = wrapper.framework; includeInIndex = 0; path = Pods_GCDDemoUITests.framework; sourceTree = BUILT_PRODUCTS_DIR; };
		278E03B79F5F7622460F6E22 /* Pods-GCDDemoUITests.release.xcconfig */ = {isa = PBXFileReference; includeInIndex = 1; lastKnownFileType = text.xcconfig; name = "Pods-GCDDemoUITests.release.xcconfig"; path = "Pods/Target Support Files/Pods-GCDDemoUITests/Pods-GCDDemoUITests.release.xcconfig"; sourceTree = "<group>"; };
		2CDC1F302251EA640043D7C8 /* GCDDemo.app */ = {isa = PBXFileReference; explicitFileType = wrapper.application; includeInIndex = 0; path = GCDDemo.app; sourceTree = BUILT_PRODUCTS_DIR; };
		2CDC1F332251EA640043D7C8 /* AppDelegate.swift */ = {isa = PBXFileReference; lastKnownFileType = sourcecode.swift; path = AppDelegate.swift; sourceTree = "<group>"; };
		2CDC1F352251EA640043D7C8 /* ViewController.swift */ = {isa = PBXFileReference; lastKnownFileType = sourcecode.swift; path = ViewController.swift; sourceTree = "<group>"; };
		2CDC1F382251EA640043D7C8 /* Base */ = {isa = PBXFileReference; lastKnownFileType = file.storyboard; name = Base; path = Base.lproj/Main.storyboard; sourceTree = "<group>"; };
		2CDC1F3B2251EA640043D7C8 /* GCDDemo.xcdatamodel */ = {isa = PBXFileReference; lastKnownFileType = wrapper.xcdatamodel; path = GCDDemo.xcdatamodel; sourceTree = "<group>"; };
		2CDC1F3D2251EA670043D7C8 /* Assets.xcassets */ = {isa = PBXFileReference; lastKnownFileType = folder.assetcatalog; path = Assets.xcassets; sourceTree = "<group>"; };
		2CDC1F402251EA670043D7C8 /* Base */ = {isa = PBXFileReference; lastKnownFileType = file.storyboard; name = Base; path = Base.lproj/LaunchScreen.storyboard; sourceTree = "<group>"; };
		2CDC1F422251EA670043D7C8 /* Info.plist */ = {isa = PBXFileReference; lastKnownFileType = text.plist.xml; path = Info.plist; sourceTree = "<group>"; };
		2CDC1F472251EA670043D7C8 /* GCDDemoTests.xctest */ = {isa = PBXFileReference; explicitFileType = wrapper.cfbundle; includeInIndex = 0; path = GCDDemoTests.xctest; sourceTree = BUILT_PRODUCTS_DIR; };
		2CDC1F4B2251EA670043D7C8 /* GCDDemoTests.swift */ = {isa = PBXFileReference; lastKnownFileType = sourcecode.swift; path = GCDDemoTests.swift; sourceTree = "<group>"; };
		2CDC1F4D2251EA670043D7C8 /* Info.plist */ = {isa = PBXFileReference; lastKnownFileType = text.plist.xml; path = Info.plist; sourceTree = "<group>"; };
		2CDC1F522251EA670043D7C8 /* GCDDemoUITests.xctest */ = {isa = PBXFileReference; explicitFileType = wrapper.cfbundle; includeInIndex = 0; path = GCDDemoUITests.xctest; sourceTree = BUILT_PRODUCTS_DIR; };
		2CDC1F562251EA670043D7C8 /* GCDDemoUITests.swift */ = {isa = PBXFileReference; lastKnownFileType = sourcecode.swift; path = GCDDemoUITests.swift; sourceTree = "<group>"; };
		2CDC1F582251EA670043D7C8 /* Info.plist */ = {isa = PBXFileReference; lastKnownFileType = text.plist.xml; path = Info.plist; sourceTree = "<group>"; };
		2CDC1F642252FF7F0043D7C8 /* DownloadManager.swift */ = {isa = PBXFileReference; lastKnownFileType = sourcecode.swift; path = DownloadManager.swift; sourceTree = "<group>"; };
		2CDC1F66225346910043D7C8 /* TableViewCell.swift */ = {isa = PBXFileReference; lastKnownFileType = sourcecode.swift; path = TableViewCell.swift; sourceTree = "<group>"; };
		4C5FE545D52AB8FCDA75C00B /* Pods-GCDDemo.release.xcconfig */ = {isa = PBXFileReference; includeInIndex = 1; lastKnownFileType = text.xcconfig; name = "Pods-GCDDemo.release.xcconfig"; path = "Pods/Target Support Files/Pods-GCDDemo/Pods-GCDDemo.release.xcconfig"; sourceTree = "<group>"; };
		5923DDA636DB81EB49103C0E /* Pods_GCDDemoTests.framework */ = {isa = PBXFileReference; explicitFileType = wrapper.framework; includeInIndex = 0; path = Pods_GCDDemoTests.framework; sourceTree = BUILT_PRODUCTS_DIR; };
		59AB8AFFDB765E3D88BB08AA /* Pods-GCDDemoTests.debug.xcconfig */ = {isa = PBXFileReference; includeInIndex = 1; lastKnownFileType = text.xcconfig; name = "Pods-GCDDemoTests.debug.xcconfig"; path = "Pods/Target Support Files/Pods-GCDDemoTests/Pods-GCDDemoTests.debug.xcconfig"; sourceTree = "<group>"; };
		800D51DDAF939CAB2F6239AE /* Pods-GCDDemo.debug.xcconfig */ = {isa = PBXFileReference; includeInIndex = 1; lastKnownFileType = text.xcconfig; name = "Pods-GCDDemo.debug.xcconfig"; path = "Pods/Target Support Files/Pods-GCDDemo/Pods-GCDDemo.debug.xcconfig"; sourceTree = "<group>"; };
		FE38575D9772CFE0CDC5D635 /* Pods-GCDDemoTests.release.xcconfig */ = {isa = PBXFileReference; includeInIndex = 1; lastKnownFileType = text.xcconfig; name = "Pods-GCDDemoTests.release.xcconfig"; path = "Pods/Target Support Files/Pods-GCDDemoTests/Pods-GCDDemoTests.release.xcconfig"; sourceTree = "<group>"; };
/* End PBXFileReference section */

/* Begin PBXFrameworksBuildPhase section */
		2CDC1F2D2251EA640043D7C8 /* Frameworks */ = {
			isa = PBXFrameworksBuildPhase;
			buildActionMask = 2147483647;
			files = (
				4B3020F4FB823CEA7D72D9E8 /* Pods_GCDDemo.framework in Frameworks */,
			);
			runOnlyForDeploymentPostprocessing = 0;
		};
		2CDC1F442251EA670043D7C8 /* Frameworks */ = {
			isa = PBXFrameworksBuildPhase;
			buildActionMask = 2147483647;
			files = (
				48DA03F958785AD8DA4CE682 /* Pods_GCDDemoTests.framework in Frameworks */,
			);
			runOnlyForDeploymentPostprocessing = 0;
		};
		2CDC1F4F2251EA670043D7C8 /* Frameworks */ = {
			isa = PBXFrameworksBuildPhase;
			buildActionMask = 2147483647;
			files = (
				19EBBD73FCE2ECE947FEF48B /* Pods_GCDDemoUITests.framework in Frameworks */,
			);
			runOnlyForDeploymentPostprocessing = 0;
		};
/* End PBXFrameworksBuildPhase section */

/* Begin PBXGroup section */
		2CDC1F272251EA640043D7C8 = {
			isa = PBXGroup;
			children = (
				2CDC1F322251EA640043D7C8 /* GCDDemo */,
				2CDC1F4A2251EA670043D7C8 /* GCDDemoTests */,
				2CDC1F552251EA670043D7C8 /* GCDDemoUITests */,
				2CDC1F312251EA640043D7C8 /* Products */,
				4D588A16FB498F19EFE67F80 /* Pods */,
				40D56386C149F541F8D91566 /* Frameworks */,
			);
			sourceTree = "<group>";
		};
		2CDC1F312251EA640043D7C8 /* Products */ = {
			isa = PBXGroup;
			children = (
				2CDC1F302251EA640043D7C8 /* GCDDemo.app */,
				2CDC1F472251EA670043D7C8 /* GCDDemoTests.xctest */,
				2CDC1F522251EA670043D7C8 /* GCDDemoUITests.xctest */,
			);
			name = Products;
			sourceTree = "<group>";
		};
		2CDC1F322251EA640043D7C8 /* GCDDemo */ = {
			isa = PBXGroup;
			children = (
				2CDC1F642252FF7F0043D7C8 /* DownloadManager.swift */,
				2CDC1F332251EA640043D7C8 /* AppDelegate.swift */,
				2CDC1F352251EA640043D7C8 /* ViewController.swift */,
				2CDC1F66225346910043D7C8 /* TableViewCell.swift */,
				2CDC1F372251EA640043D7C8 /* Main.storyboard */,
				2CDC1F3D2251EA670043D7C8 /* Assets.xcassets */,
				2CDC1F3F2251EA670043D7C8 /* LaunchScreen.storyboard */,
				2CDC1F422251EA670043D7C8 /* Info.plist */,
				2CDC1F3A2251EA640043D7C8 /* GCDDemo.xcdatamodeld */,
			);
			path = GCDDemo;
			sourceTree = "<group>";
		};
		2CDC1F4A2251EA670043D7C8 /* GCDDemoTests */ = {
			isa = PBXGroup;
			children = (
				2CDC1F4B2251EA670043D7C8 /* GCDDemoTests.swift */,
				2CDC1F4D2251EA670043D7C8 /* Info.plist */,
			);
			path = GCDDemoTests;
			sourceTree = "<group>";
		};
		2CDC1F552251EA670043D7C8 /* GCDDemoUITests */ = {
			isa = PBXGroup;
			children = (
				2CDC1F562251EA670043D7C8 /* GCDDemoUITests.swift */,
				2CDC1F582251EA670043D7C8 /* Info.plist */,
			);
			path = GCDDemoUITests;
			sourceTree = "<group>";
		};
		40D56386C149F541F8D91566 /* Frameworks */ = {
			isa = PBXGroup;
			children = (
				24D2906709302D19337C4558 /* Pods_GCDDemo.framework */,
				5923DDA636DB81EB49103C0E /* Pods_GCDDemoTests.framework */,
				2684E82B7607733D4C1CE8BF /* Pods_GCDDemoUITests.framework */,
			);
			name = Frameworks;
			sourceTree = "<group>";
		};
		4D588A16FB498F19EFE67F80 /* Pods */ = {
			isa = PBXGroup;
			children = (
				800D51DDAF939CAB2F6239AE /* Pods-GCDDemo.debug.xcconfig */,
				4C5FE545D52AB8FCDA75C00B /* Pods-GCDDemo.release.xcconfig */,
				59AB8AFFDB765E3D88BB08AA /* Pods-GCDDemoTests.debug.xcconfig */,
				FE38575D9772CFE0CDC5D635 /* Pods-GCDDemoTests.release.xcconfig */,
				09744E75E1B11379520747DD /* Pods-GCDDemoUITests.debug.xcconfig */,
				278E03B79F5F7622460F6E22 /* Pods-GCDDemoUITests.release.xcconfig */,
			);
			name = Pods;
			sourceTree = "<group>";
		};
/* End PBXGroup section */

/* Begin PBXNativeTarget section */
		2CDC1F2F2251EA640043D7C8 /* GCDDemo */ = {
			isa = PBXNativeTarget;
			buildConfigurationList = 2CDC1F5B2251EA670043D7C8 /* Build configuration list for PBXNativeTarget "GCDDemo" */;
			buildPhases = (
				DC9C35D5F4B3C6057558262A /* [CP] Check Pods Manifest.lock */,
				2CDC1F2C2251EA640043D7C8 /* Sources */,
				2CDC1F2D2251EA640043D7C8 /* Frameworks */,
				2CDC1F2E2251EA640043D7C8 /* Resources */,
				A0CFD7B3E5FE29A9736A7EB0 /* [CP] Embed Pods Frameworks */,
			);
			buildRules = (
			);
			dependencies = (
			);
			name = GCDDemo;
			productName = GCDDemo;
			productReference = 2CDC1F302251EA640043D7C8 /* GCDDemo.app */;
			productType = "com.apple.product-type.application";
		};
		2CDC1F462251EA670043D7C8 /* GCDDemoTests */ = {
			isa = PBXNativeTarget;
			buildConfigurationList = 2CDC1F5E2251EA670043D7C8 /* Build configuration list for PBXNativeTarget "GCDDemoTests" */;
			buildPhases = (
				060AFD72F5976C576C2DED4A /* [CP] Check Pods Manifest.lock */,
				2CDC1F432251EA670043D7C8 /* Sources */,
				2CDC1F442251EA670043D7C8 /* Frameworks */,
				2CDC1F452251EA670043D7C8 /* Resources */,
			);
			buildRules = (
			);
			dependencies = (
				2CDC1F492251EA670043D7C8 /* PBXTargetDependency */,
			);
			name = GCDDemoTests;
			productName = GCDDemoTests;
			productReference = 2CDC1F472251EA670043D7C8 /* GCDDemoTests.xctest */;
			productType = "com.apple.product-type.bundle.unit-test";
		};
		2CDC1F512251EA670043D7C8 /* GCDDemoUITests */ = {
			isa = PBXNativeTarget;
			buildConfigurationList = 2CDC1F612251EA670043D7C8 /* Build configuration list for PBXNativeTarget "GCDDemoUITests" */;
			buildPhases = (
				1E628B25075A0B9B0B155885 /* [CP] Check Pods Manifest.lock */,
				2CDC1F4E2251EA670043D7C8 /* Sources */,
				2CDC1F4F2251EA670043D7C8 /* Frameworks */,
				2CDC1F502251EA670043D7C8 /* Resources */,
			);
			buildRules = (
			);
			dependencies = (
				2CDC1F542251EA670043D7C8 /* PBXTargetDependency */,
			);
			name = GCDDemoUITests;
			productName = GCDDemoUITests;
			productReference = 2CDC1F522251EA670043D7C8 /* GCDDemoUITests.xctest */;
			productType = "com.apple.product-type.bundle.ui-testing";
		};
/* End PBXNativeTarget section */

/* Begin PBXProject section */
		2CDC1F282251EA640043D7C8 /* Project object */ = {
			isa = PBXProject;
			attributes = {
				LastSwiftUpdateCheck = 1010;
				LastUpgradeCheck = 1010;
				ORGANIZATIONNAME = trinh.hoang.hai;
				TargetAttributes = {
					2CDC1F2F2251EA640043D7C8 = {
						CreatedOnToolsVersion = 10.1;
					};
					2CDC1F462251EA670043D7C8 = {
						CreatedOnToolsVersion = 10.1;
						TestTargetID = 2CDC1F2F2251EA640043D7C8;
					};
					2CDC1F512251EA670043D7C8 = {
						CreatedOnToolsVersion = 10.1;
						TestTargetID = 2CDC1F2F2251EA640043D7C8;
					};
				};
			};
			buildConfigurationList = 2CDC1F2B2251EA640043D7C8 /* Build configuration list for PBXProject "GCDDemo" */;
			compatibilityVersion = "Xcode 9.3";
			developmentRegion = en;
			hasScannedForEncodings = 0;
			knownRegions = (
				en,
				Base,
			);
			mainGroup = 2CDC1F272251EA640043D7C8;
			productRefGroup = 2CDC1F312251EA640043D7C8 /* Products */;
			projectDirPath = "";
			projectRoot = "";
			targets = (
				2CDC1F2F2251EA640043D7C8 /* GCDDemo */,
				2CDC1F462251EA670043D7C8 /* GCDDemoTests */,
				2CDC1F512251EA670043D7C8 /* GCDDemoUITests */,
			);
		};
/* End PBXProject section */

/* Begin PBXResourcesBuildPhase section */
		2CDC1F2E2251EA640043D7C8 /* Resources */ = {
			isa = PBXResourcesBuildPhase;
			buildActionMask = 2147483647;
			files = (
				2CDC1F412251EA670043D7C8 /* LaunchScreen.storyboard in Resources */,
				2CDC1F3E2251EA670043D7C8 /* Assets.xcassets in Resources */,
				2CDC1F392251EA640043D7C8 /* Main.storyboard in Resources */,
			);
			runOnlyForDeploymentPostprocessing = 0;
		};
		2CDC1F452251EA670043D7C8 /* Resources */ = {
			isa = PBXResourcesBuildPhase;
			buildActionMask = 2147483647;
			files = (
			);
			runOnlyForDeploymentPostprocessing = 0;
		};
		2CDC1F502251EA670043D7C8 /* Resources */ = {
			isa = PBXResourcesBuildPhase;
			buildActionMask = 2147483647;
			files = (
			);
			runOnlyForDeploymentPostprocessing = 0;
		};
/* End PBXResourcesBuildPhase section */

/* Begin PBXShellScriptBuildPhase section */
		060AFD72F5976C576C2DED4A /* [CP] Check Pods Manifest.lock */ = {
			isa = PBXShellScriptBuildPhase;
			buildActionMask = 2147483647;
			files = (
			);
			inputFileListPaths = (
			);
			inputPaths = (
				"${PODS_PODFILE_DIR_PATH}/Podfile.lock",
				"${PODS_ROOT}/Manifest.lock",
			);
			name = "[CP] Check Pods Manifest.lock";
			outputFileListPaths = (
			);
			outputPaths = (
				"$(DERIVED_FILE_DIR)/Pods-GCDDemoTests-checkManifestLockResult.txt",
			);
			runOnlyForDeploymentPostprocessing = 0;
			shellPath = /bin/sh;
			shellScript = "diff \"${PODS_PODFILE_DIR_PATH}/Podfile.lock\" \"${PODS_ROOT}/Manifest.lock\" > /dev/null\nif [ $? != 0 ] ; then\n    # print error to STDERR\n    echo \"error: The sandbox is not in sync with the Podfile.lock. Run 'pod install' or update your CocoaPods installation.\" >&2\n    exit 1\nfi\n# This output is used by Xcode 'outputs' to avoid re-running this script phase.\necho \"SUCCESS\" > \"${SCRIPT_OUTPUT_FILE_0}\"\n";
			showEnvVarsInLog = 0;
		};
		1E628B25075A0B9B0B155885 /* [CP] Check Pods Manifest.lock */ = {
			isa = PBXShellScriptBuildPhase;
			buildActionMask = 2147483647;
			files = (
			);
			inputFileListPaths = (
			);
			inputPaths = (
				"${PODS_PODFILE_DIR_PATH}/Podfile.lock",
				"${PODS_ROOT}/Manifest.lock",
			);
			name = "[CP] Check Pods Manifest.lock";
			outputFileListPaths = (
			);
			outputPaths = (
				"$(DERIVED_FILE_DIR)/Pods-GCDDemoUITests-checkManifestLockResult.txt",
			);
			runOnlyForDeploymentPostprocessing = 0;
			shellPath = /bin/sh;
			shellScript = "diff \"${PODS_PODFILE_DIR_PATH}/Podfile.lock\" \"${PODS_ROOT}/Manifest.lock\" > /dev/null\nif [ $? != 0 ] ; then\n    # print error to STDERR\n    echo \"error: The sandbox is not in sync with the Podfile.lock. Run 'pod install' or update your CocoaPods installation.\" >&2\n    exit 1\nfi\n# This output is used by Xcode 'outputs' to avoid re-running this script phase.\necho \"SUCCESS\" > \"${SCRIPT_OUTPUT_FILE_0}\"\n";
			showEnvVarsInLog = 0;
		};
		A0CFD7B3E5FE29A9736A7EB0 /* [CP] Embed Pods Frameworks */ = {
			isa = PBXShellScriptBuildPhase;
			buildActionMask = 2147483647;
			files = (
			);
			inputFileListPaths = (
			);
			inputPaths = (
				"${SRCROOT}/Pods/Target Support Files/Pods-GCDDemo/Pods-GCDDemo-frameworks.sh",
				"${BUILT_PRODUCTS_DIR}/Alamofire/Alamofire.framework",
			);
			name = "[CP] Embed Pods Frameworks";
			outputFileListPaths = (
			);
			outputPaths = (
				"${TARGET_BUILD_DIR}/${FRAMEWORKS_FOLDER_PATH}/Alamofire.framework",
			);
			runOnlyForDeploymentPostprocessing = 0;
			shellPath = /bin/sh;
			shellScript = "\"${SRCROOT}/Pods/Target Support Files/Pods-GCDDemo/Pods-GCDDemo-frameworks.sh\"\n";
			showEnvVarsInLog = 0;
		};
		DC9C35D5F4B3C6057558262A /* [CP] Check Pods Manifest.lock */ = {
			isa = PBXShellScriptBuildPhase;
			buildActionMask = 2147483647;
			files = (
			);
			inputFileListPaths = (
			);
			inputPaths = (
				"${PODS_PODFILE_DIR_PATH}/Podfile.lock",
				"${PODS_ROOT}/Manifest.lock",
			);
			name = "[CP] Check Pods Manifest.lock";
			outputFileListPaths = (
			);
			outputPaths = (
				"$(DERIVED_FILE_DIR)/Pods-GCDDemo-checkManifestLockResult.txt",
			);
			runOnlyForDeploymentPostprocessing = 0;
			shellPath = /bin/sh;
			shellScript = "diff \"${PODS_PODFILE_DIR_PATH}/Podfile.lock\" \"${PODS_ROOT}/Manifest.lock\" > /dev/null\nif [ $? != 0 ] ; then\n    # print error to STDERR\n    echo \"error: The sandbox is not in sync with the Podfile.lock. Run 'pod install' or update your CocoaPods installation.\" >&2\n    exit 1\nfi\n# This output is used by Xcode 'outputs' to avoid re-running this script phase.\necho \"SUCCESS\" > \"${SCRIPT_OUTPUT_FILE_0}\"\n";
			showEnvVarsInLog = 0;
		};
/* End PBXShellScriptBuildPhase section */

/* Begin PBXSourcesBuildPhase section */
		2CDC1F2C2251EA640043D7C8 /* Sources */ = {
			isa = PBXSourcesBuildPhase;
			buildActionMask = 2147483647;
			files = (
				2CDC1F67225346910043D7C8 /* TableViewCell.swift in Sources */,
				2CDC1F362251EA640043D7C8 /* ViewController.swift in Sources */,
				2CDC1F342251EA640043D7C8 /* AppDelegate.swift in Sources */,
				2CDC1F3C2251EA640043D7C8 /* GCDDemo.xcdatamodeld in Sources */,
				2CDC1F652252FF7F0043D7C8 /* DownloadManager.swift in Sources */,
			);
			runOnlyForDeploymentPostprocessing = 0;
		};
		2CDC1F432251EA670043D7C8 /* Sources */ = {
			isa = PBXSourcesBuildPhase;
			buildActionMask = 2147483647;
			files = (
				2CDC1F4C2251EA670043D7C8 /* GCDDemoTests.swift in Sources */,
			);
			runOnlyForDeploymentPostprocessing = 0;
		};
		2CDC1F4E2251EA670043D7C8 /* Sources */ = {
			isa = PBXSourcesBuildPhase;
			buildActionMask = 2147483647;
			files = (
				2CDC1F572251EA670043D7C8 /* GCDDemoUITests.swift in Sources */,
			);
			runOnlyForDeploymentPostprocessing = 0;
		};
/* End PBXSourcesBuildPhase section */

/* Begin PBXTargetDependency section */
		2CDC1F492251EA670043D7C8 /* PBXTargetDependency */ = {
			isa = PBXTargetDependency;
			target = 2CDC1F2F2251EA640043D7C8 /* GCDDemo */;
			targetProxy = 2CDC1F482251EA670043D7C8 /* PBXContainerItemProxy */;
		};
		2CDC1F542251EA670043D7C8 /* PBXTargetDependency */ = {
			isa = PBXTargetDependency;
			target = 2CDC1F2F2251EA640043D7C8 /* GCDDemo */;
			targetProxy = 2CDC1F532251EA670043D7C8 /* PBXContainerItemProxy */;
		};
/* End PBXTargetDependency section */

/* Begin PBXVariantGroup section */
		2CDC1F372251EA640043D7C8 /* Main.storyboard */ = {
			isa = PBXVariantGroup;
			children = (
				2CDC1F382251EA640043D7C8 /* Base */,
			);
			name = Main.storyboard;
			sourceTree = "<group>";
		};
		2CDC1F3F2251EA670043D7C8 /* LaunchScreen.storyboard */ = {
			isa = PBXVariantGroup;
			children = (
				2CDC1F402251EA670043D7C8 /* Base */,
			);
			name = LaunchScreen.storyboard;
			sourceTree = "<group>";
		};
/* End PBXVariantGroup section */

/* Begin XCBuildConfiguration section */
		2CDC1F592251EA670043D7C8 /* Debug */ = {
			isa = XCBuildConfiguration;
			buildSettings = {
				ALWAYS_SEARCH_USER_PATHS = NO;
				CLANG_ANALYZER_NONNULL = YES;
				CLANG_ANALYZER_NUMBER_OBJECT_CONVERSION = YES_AGGRESSIVE;
				CLANG_CXX_LANGUAGE_STANDARD = "gnu++14";
				CLANG_CXX_LIBRARY = "libc++";
				CLANG_ENABLE_MODULES = YES;
				CLANG_ENABLE_OBJC_ARC = YES;
				CLANG_ENABLE_OBJC_WEAK = YES;
				CLANG_WARN_BLOCK_CAPTURE_AUTORELEASING = YES;
				CLANG_WARN_BOOL_CONVERSION = YES;
				CLANG_WARN_COMMA = YES;
				CLANG_WARN_CONSTANT_CONVERSION = YES;
				CLANG_WARN_DEPRECATED_OBJC_IMPLEMENTATIONS = YES;
				CLANG_WARN_DIRECT_OBJC_ISA_USAGE = YES_ERROR;
				CLANG_WARN_DOCUMENTATION_COMMENTS = YES;
				CLANG_WARN_EMPTY_BODY = YES;
				CLANG_WARN_ENUM_CONVERSION = YES;
				CLANG_WARN_INFINITE_RECURSION = YES;
				CLANG_WARN_INT_CONVERSION = YES;
				CLANG_WARN_NON_LITERAL_NULL_CONVERSION = YES;
				CLANG_WARN_OBJC_IMPLICIT_RETAIN_SELF = YES;
				CLANG_WARN_OBJC_LITERAL_CONVERSION = YES;
				CLANG_WARN_OBJC_ROOT_CLASS = YES_ERROR;
				CLANG_WARN_RANGE_LOOP_ANALYSIS = YES;
				CLANG_WARN_STRICT_PROTOTYPES = YES;
				CLANG_WARN_SUSPICIOUS_MOVE = YES;
				CLANG_WARN_UNGUARDED_AVAILABILITY = YES_AGGRESSIVE;
				CLANG_WARN_UNREACHABLE_CODE = YES;
				CLANG_WARN__DUPLICATE_METHOD_MATCH = YES;
				CODE_SIGN_IDENTITY = "iPhone Developer";
				COPY_PHASE_STRIP = NO;
				DEBUG_INFORMATION_FORMAT = dwarf;
				ENABLE_STRICT_OBJC_MSGSEND = YES;
				ENABLE_TESTABILITY = YES;
				GCC_C_LANGUAGE_STANDARD = gnu11;
				GCC_DYNAMIC_NO_PIC = NO;
				GCC_NO_COMMON_BLOCKS = YES;
				GCC_OPTIMIZATION_LEVEL = 0;
				GCC_PREPROCESSOR_DEFINITIONS = (
					"DEBUG=1",
					"$(inherited)",
				);
				GCC_WARN_64_TO_32_BIT_CONVERSION = YES;
				GCC_WARN_ABOUT_RETURN_TYPE = YES_ERROR;
				GCC_WARN_UNDECLARED_SELECTOR = YES;
				GCC_WARN_UNINITIALIZED_AUTOS = YES_AGGRESSIVE;
				GCC_WARN_UNUSED_FUNCTION = YES;
				GCC_WARN_UNUSED_VARIABLE = YES;
				IPHONEOS_DEPLOYMENT_TARGET = 12.1;
				MTL_ENABLE_DEBUG_INFO = INCLUDE_SOURCE;
				MTL_FAST_MATH = YES;
				ONLY_ACTIVE_ARCH = YES;
				SDKROOT = iphoneos;
				SWIFT_ACTIVE_COMPILATION_CONDITIONS = DEBUG;
				SWIFT_OPTIMIZATION_LEVEL = "-Onone";
			};
			name = Debug;
		};
		2CDC1F5A2251EA670043D7C8 /* Release */ = {
			isa = XCBuildConfiguration;
			buildSettings = {
				ALWAYS_SEARCH_USER_PATHS = NO;
				CLANG_ANALYZER_NONNULL = YES;
				CLANG_ANALYZER_NUMBER_OBJECT_CONVERSION = YES_AGGRESSIVE;
				CLANG_CXX_LANGUAGE_STANDARD = "gnu++14";
				CLANG_CXX_LIBRARY = "libc++";
				CLANG_ENABLE_MODULES = YES;
				CLANG_ENABLE_OBJC_ARC = YES;
				CLANG_ENABLE_OBJC_WEAK = YES;
				CLANG_WARN_BLOCK_CAPTURE_AUTORELEASING = YES;
				CLANG_WARN_BOOL_CONVERSION = YES;
				CLANG_WARN_COMMA = YES;
				CLANG_WARN_CONSTANT_CONVERSION = YES;
				CLANG_WARN_DEPRECATED_OBJC_IMPLEMENTATIONS = YES;
				CLANG_WARN_DIRECT_OBJC_ISA_USAGE = YES_ERROR;
				CLANG_WARN_DOCUMENTATION_COMMENTS = YES;
				CLANG_WARN_EMPTY_BODY = YES;
				CLANG_WARN_ENUM_CONVERSION = YES;
				CLANG_WARN_INFINITE_RECURSION = YES;
				CLANG_WARN_INT_CONVERSION = YES;
				CLANG_WARN_NON_LITERAL_NULL_CONVERSION = YES;
				CLANG_WARN_OBJC_IMPLICIT_RETAIN_SELF = YES;
				CLANG_WARN_OBJC_LITERAL_CONVERSION = YES;
				CLANG_WARN_OBJC_ROOT_CLASS = YES_ERROR;
				CLANG_WARN_RANGE_LOOP_ANALYSIS = YES;
				CLANG_WARN_STRICT_PROTOTYPES = YES;
				CLANG_WARN_SUSPICIOUS_MOVE = YES;
				CLANG_WARN_UNGUARDED_AVAILABILITY = YES_AGGRESSIVE;
				CLANG_WARN_UNREACHABLE_CODE = YES;
				CLANG_WARN__DUPLICATE_METHOD_MATCH = YES;
				CODE_SIGN_IDENTITY = "iPhone Developer";
				COPY_PHASE_STRIP = NO;
				DEBUG_INFORMATION_FORMAT = "dwarf-with-dsym";
				ENABLE_NS_ASSERTIONS = NO;
				ENABLE_STRICT_OBJC_MSGSEND = YES;
				GCC_C_LANGUAGE_STANDARD = gnu11;
				GCC_NO_COMMON_BLOCKS = YES;
				GCC_WARN_64_TO_32_BIT_CONVERSION = YES;
				GCC_WARN_ABOUT_RETURN_TYPE = YES_ERROR;
				GCC_WARN_UNDECLARED_SELECTOR = YES;
				GCC_WARN_UNINITIALIZED_AUTOS = YES_AGGRESSIVE;
				GCC_WARN_UNUSED_FUNCTION = YES;
				GCC_WARN_UNUSED_VARIABLE = YES;
				IPHONEOS_DEPLOYMENT_TARGET = 12.1;
				MTL_ENABLE_DEBUG_INFO = NO;
				MTL_FAST_MATH = YES;
				SDKROOT = iphoneos;
				SWIFT_COMPILATION_MODE = wholemodule;
				SWIFT_OPTIMIZATION_LEVEL = "-O";
				VALIDATE_PRODUCT = YES;
			};
			name = Release;
		};
		2CDC1F5C2251EA670043D7C8 /* Debug */ = {
			isa = XCBuildConfiguration;
			baseConfigurationReference = 800D51DDAF939CAB2F6239AE /* Pods-GCDDemo.debug.xcconfig */;
			buildSettings = {
				ASSETCATALOG_COMPILER_APPICON_NAME = AppIcon;
				CODE_SIGN_STYLE = Automatic;
				INFOPLIST_FILE = GCDDemo/Info.plist;
				LD_RUNPATH_SEARCH_PATHS = (
					"$(inherited)",
					"@executable_path/Frameworks",
				);
				PRODUCT_BUNDLE_IDENTIFIER = hoenghai.GCDDemo;
				PRODUCT_NAME = "$(TARGET_NAME)";
				SWIFT_VERSION = 4.2;
				TARGETED_DEVICE_FAMILY = "1,2";
			};
			name = Debug;
		};
		2CDC1F5D2251EA670043D7C8 /* Release */ = {
			isa = XCBuildConfiguration;
			baseConfigurationReference = 4C5FE545D52AB8FCDA75C00B /* Pods-GCDDemo.release.xcconfig */;
			buildSettings = {
				ASSETCATALOG_COMPILER_APPICON_NAME = AppIcon;
				CODE_SIGN_STYLE = Automatic;
				INFOPLIST_FILE = GCDDemo/Info.plist;
				LD_RUNPATH_SEARCH_PATHS = (
					"$(inherited)",
					"@executable_path/Frameworks",
				);
				PRODUCT_BUNDLE_IDENTIFIER = hoenghai.GCDDemo;
				PRODUCT_NAME = "$(TARGET_NAME)";
				SWIFT_VERSION = 4.2;
				TARGETED_DEVICE_FAMILY = "1,2";
			};
			name = Release;
		};
		2CDC1F5F2251EA670043D7C8 /* Debug */ = {
			isa = XCBuildConfiguration;
			baseConfigurationReference = 59AB8AFFDB765E3D88BB08AA /* Pods-GCDDemoTests.debug.xcconfig */;
			buildSettings = {
				ALWAYS_EMBED_SWIFT_STANDARD_LIBRARIES = YES;
				BUNDLE_LOADER = "$(TEST_HOST)";
				CODE_SIGN_STYLE = Automatic;
				INFOPLIST_FILE = GCDDemoTests/Info.plist;
				LD_RUNPATH_SEARCH_PATHS = (
					"$(inherited)",
					"@executable_path/Frameworks",
					"@loader_path/Frameworks",
				);
				PRODUCT_BUNDLE_IDENTIFIER = hoenghai.GCDDemoTests;
				PRODUCT_NAME = "$(TARGET_NAME)";
				SWIFT_VERSION = 4.2;
				TARGETED_DEVICE_FAMILY = "1,2";
				TEST_HOST = "$(BUILT_PRODUCTS_DIR)/GCDDemo.app/GCDDemo";
			};
			name = Debug;
		};
		2CDC1F602251EA670043D7C8 /* Release */ = {
			isa = XCBuildConfiguration;
			baseConfigurationReference = FE38575D9772CFE0CDC5D635 /* Pods-GCDDemoTests.release.xcconfig */;
			buildSettings = {
				ALWAYS_EMBED_SWIFT_STANDARD_LIBRARIES = YES;
				BUNDLE_LOADER = "$(TEST_HOST)";
				CODE_SIGN_STYLE = Automatic;
				INFOPLIST_FILE = GCDDemoTests/Info.plist;
				LD_RUNPATH_SEARCH_PATHS = (
					"$(inherited)",
					"@executable_path/Frameworks",
					"@loader_path/Frameworks",
				);
				PRODUCT_BUNDLE_IDENTIFIER = hoenghai.GCDDemoTests;
				PRODUCT_NAME = "$(TARGET_NAME)";
				SWIFT_VERSION = 4.2;
				TARGETED_DEVICE_FAMILY = "1,2";
				TEST_HOST = "$(BUILT_PRODUCTS_DIR)/GCDDemo.app/GCDDemo";
			};
			name = Release;
		};
		2CDC1F622251EA670043D7C8 /* Debug */ = {
			isa = XCBuildConfiguration;
			baseConfigurationReference = 09744E75E1B11379520747DD /* Pods-GCDDemoUITests.debug.xcconfig */;
			buildSettings = {
				ALWAYS_EMBED_SWIFT_STANDARD_LIBRARIES = YES;
				CODE_SIGN_STYLE = Automatic;
				INFOPLIST_FILE = GCDDemoUITests/Info.plist;
				LD_RUNPATH_SEARCH_PATHS = (
					"$(inherited)",
					"@executable_path/Frameworks",
					"@loader_path/Frameworks",
				);
				PRODUCT_BUNDLE_IDENTIFIER = hoenghai.GCDDemoUITests;
				PRODUCT_NAME = "$(TARGET_NAME)";
				SWIFT_VERSION = 4.2;
				TARGETED_DEVICE_FAMILY = "1,2";
				TEST_TARGET_NAME = GCDDemo;
			};
			name = Debug;
		};
		2CDC1F632251EA670043D7C8 /* Release */ = {
			isa = XCBuildConfiguration;
			baseConfigurationReference = 278E03B79F5F7622460F6E22 /* Pods-GCDDemoUITests.release.xcconfig */;
			buildSettings = {
				ALWAYS_EMBED_SWIFT_STANDARD_LIBRARIES = YES;
				CODE_SIGN_STYLE = Automatic;
				INFOPLIST_FILE = GCDDemoUITests/Info.plist;
				LD_RUNPATH_SEARCH_PATHS = (
					"$(inherited)",
					"@executable_path/Frameworks",
					"@loader_path/Frameworks",
				);
				PRODUCT_BUNDLE_IDENTIFIER = hoenghai.GCDDemoUITests;
				PRODUCT_NAME = "$(TARGET_NAME)";
				SWIFT_VERSION = 4.2;
				TARGETED_DEVICE_FAMILY = "1,2";
				TEST_TARGET_NAME = GCDDemo;
			};
			name = Release;
		};
/* End XCBuildConfiguration section */

/* Begin XCConfigurationList section */
		2CDC1F2B2251EA640043D7C8 /* Build configuration list for PBXProject "GCDDemo" */ = {
			isa = XCConfigurationList;
			buildConfigurations = (
				2CDC1F592251EA670043D7C8 /* Debug */,
				2CDC1F5A2251EA670043D7C8 /* Release */,
			);
			defaultConfigurationIsVisible = 0;
			defaultConfigurationName = Release;
		};
		2CDC1F5B2251EA670043D7C8 /* Build configuration list for PBXNativeTarget "GCDDemo" */ = {
			isa = XCConfigurationList;
			buildConfigurations = (
				2CDC1F5C2251EA670043D7C8 /* Debug */,
				2CDC1F5D2251EA670043D7C8 /* Release */,
			);
			defaultConfigurationIsVisible = 0;
			defaultConfigurationName = Release;
		};
		2CDC1F5E2251EA670043D7C8 /* Build configuration list for PBXNativeTarget "GCDDemoTests" */ = {
			isa = XCConfigurationList;
			buildConfigurations = (
				2CDC1F5F2251EA670043D7C8 /* Debug */,
				2CDC1F602251EA670043D7C8 /* Release */,
			);
			defaultConfigurationIsVisible = 0;
			defaultConfigurationName = Release;
		};
		2CDC1F612251EA670043D7C8 /* Build configuration list for PBXNativeTarget "GCDDemoUITests" */ = {
			isa = XCConfigurationList;
			buildConfigurations = (
				2CDC1F622251EA670043D7C8 /* Debug */,
				2CDC1F632251EA670043D7C8 /* Release */,
			);
			defaultConfigurationIsVisible = 0;
			defaultConfigurationName = Release;
		};
/* End XCConfigurationList section */

/* Begin XCVersionGroup section */
		2CDC1F3A2251EA640043D7C8 /* GCDDemo.xcdatamodeld */ = {
			isa = XCVersionGroup;
			children = (
				2CDC1F3B2251EA640043D7C8 /* GCDDemo.xcdatamodel */,
			);
			currentVersion = 2CDC1F3B2251EA640043D7C8 /* GCDDemo.xcdatamodel */;
			path = GCDDemo.xcdatamodeld;
			sourceTree = "<group>";
			versionGroupType = wrapper.xcdatamodel;
		};
/* End XCVersionGroup section */
	};
	rootObject = 2CDC1F282251EA640043D7C8 /* Project object */;
}
